
Microsoft Visual Studio Solution File, Format Version 12.00
# Visual Studio Version 16
VisualStudioVersion = 16.0.28729.10
MinimumVisualStudioVersion = 10.0.40219.1
Project("{9A19103F-16F7-4668-BE54-9A1E7A4F7556}") = "Andaluh", "Andaluh\Andaluh.csproj", "{25F19C8A-6301-41E7-B127-90387F73ABF6}"
EndProject
Project("{9A19103F-16F7-4668-BE54-9A1E7A4F7556}") = "TestApp", "TestApp\TestApp.csproj", "{E0097AB9-0B72-4D41-81BB-53D64A282CB1}"
	ProjectSection(ProjectDependencies) = postProject
		{25F19C8A-6301-41E7-B127-90387F73ABF6} = {25F19C8A-6301-41E7-B127-90387F73ABF6}
	EndProjectSection
EndProject
Project("{9A19103F-16F7-4668-BE54-9A1E7A4F7556}") = "Tests", "Tests\Tests.csproj", "{3A542431-3F5D-4F90-9151-58B13FE5BBFA}"
EndProject
Global
	GlobalSection(SolutionConfigurationPlatforms) = preSolution
		Debug|Any CPU = Debug|Any CPU
		Debug|ARM = Debug|ARM
		Debug|ARM64 = Debug|ARM64
		Debug|x64 = Debug|x64
		Debug|x86 = Debug|x86
		Release|Any CPU = Release|Any CPU
		Release|ARM = Release|ARM
		Release|ARM64 = Release|ARM64
		Release|x64 = Release|x64
		Release|x86 = Release|x86
	EndGlobalSection
	GlobalSection(ProjectConfigurationPlatforms) = postSolution
		{25F19C8A-6301-41E7-B127-90387F73ABF6}.Debug|Any CPU.ActiveCfg = Debug|Any CPU
		{25F19C8A-6301-41E7-B127-90387F73ABF6}.Debug|Any CPU.Build.0 = Debug|Any CPU
		{25F19C8A-6301-41E7-B127-90387F73ABF6}.Debug|ARM.ActiveCfg = Debug|Any CPU
		{25F19C8A-6301-41E7-B127-90387F73ABF6}.Debug|ARM.Build.0 = Debug|Any CPU
		{25F19C8A-6301-41E7-B127-90387F73ABF6}.Debug|ARM64.ActiveCfg = Debug|Any CPU
		{25F19C8A-6301-41E7-B127-90387F73ABF6}.Debug|ARM64.Build.0 = Debug|Any CPU
		{25F19C8A-6301-41E7-B127-90387F73ABF6}.Debug|x64.ActiveCfg = Debug|Any CPU
		{25F19C8A-6301-41E7-B127-90387F73ABF6}.Debug|x64.Build.0 = Debug|Any CPU
		{25F19C8A-6301-41E7-B127-90387F73ABF6}.Debug|x86.ActiveCfg = Debug|Any CPU
		{25F19C8A-6301-41E7-B127-90387F73ABF6}.Debug|x86.Build.0 = Debug|Any CPU
		{25F19C8A-6301-41E7-B127-90387F73ABF6}.Release|Any CPU.ActiveCfg = Release|Any CPU
		{25F19C8A-6301-41E7-B127-90387F73ABF6}.Release|Any CPU.Build.0 = Release|Any CPU
		{25F19C8A-6301-41E7-B127-90387F73ABF6}.Release|ARM.ActiveCfg = Release|Any CPU
		{25F19C8A-6301-41E7-B127-90387F73ABF6}.Release|ARM.Build.0 = Release|Any CPU
		{25F19C8A-6301-41E7-B127-90387F73ABF6}.Release|ARM64.ActiveCfg = Release|Any CPU
		{25F19C8A-6301-41E7-B127-90387F73ABF6}.Release|ARM64.Build.0 = Release|Any CPU
		{25F19C8A-6301-41E7-B127-90387F73ABF6}.Release|x64.ActiveCfg = Release|Any CPU
		{25F19C8A-6301-41E7-B127-90387F73ABF6}.Release|x64.Build.0 = Release|Any CPU
		{25F19C8A-6301-41E7-B127-90387F73ABF6}.Release|x86.ActiveCfg = Release|Any CPU
		{25F19C8A-6301-41E7-B127-90387F73ABF6}.Release|x86.Build.0 = Release|Any CPU
		{E0097AB9-0B72-4D41-81BB-53D64A282CB1}.Debug|Any CPU.ActiveCfg = Debug|Any CPU
		{E0097AB9-0B72-4D41-81BB-53D64A282CB1}.Debug|Any CPU.Build.0 = Debug|Any CPU
		{E0097AB9-0B72-4D41-81BB-53D64A282CB1}.Debug|ARM.ActiveCfg = Debug|Any CPU
		{E0097AB9-0B72-4D41-81BB-53D64A282CB1}.Debug|ARM.Build.0 = Debug|Any CPU
		{E0097AB9-0B72-4D41-81BB-53D64A282CB1}.Debug|ARM64.ActiveCfg = Debug|Any CPU
		{E0097AB9-0B72-4D41-81BB-53D64A282CB1}.Debug|ARM64.Build.0 = Debug|Any CPU
		{E0097AB9-0B72-4D41-81BB-53D64A282CB1}.Debug|x64.ActiveCfg = Debug|Any CPU
		{E0097AB9-0B72-4D41-81BB-53D64A282CB1}.Debug|x64.Build.0 = Debug|Any CPU
		{E0097AB9-0B72-4D41-81BB-53D64A282CB1}.Debug|x86.ActiveCfg = Debug|Any CPU
		{E0097AB9-0B72-4D41-81BB-53D64A282CB1}.Debug|x86.Build.0 = Debug|Any CPU
		{E0097AB9-0B72-4D41-81BB-53D64A282CB1}.Release|Any CPU.ActiveCfg = Release|Any CPU
		{E0097AB9-0B72-4D41-81BB-53D64A282CB1}.Release|Any CPU.Build.0 = Release|Any CPU
		{E0097AB9-0B72-4D41-81BB-53D64A282CB1}.Release|ARM.ActiveCfg = Release|Any CPU
		{E0097AB9-0B72-4D41-81BB-53D64A282CB1}.Release|ARM.Build.0 = Release|Any CPU
		{E0097AB9-0B72-4D41-81BB-53D64A282CB1}.Release|ARM64.ActiveCfg = Release|Any CPU
		{E0097AB9-0B72-4D41-81BB-53D64A282CB1}.Release|ARM64.Build.0 = Release|Any CPU
		{E0097AB9-0B72-4D41-81BB-53D64A282CB1}.Release|x64.ActiveCfg = Release|Any CPU
		{E0097AB9-0B72-4D41-81BB-53D64A282CB1}.Release|x64.Build.0 = Release|Any CPU
		{E0097AB9-0B72-4D41-81BB-53D64A282CB1}.Release|x86.ActiveCfg = Release|Any CPU
		{E0097AB9-0B72-4D41-81BB-53D64A282CB1}.Release|x86.Build.0 = Release|Any CPU
		{3A542431-3F5D-4F90-9151-58B13FE5BBFA}.Debug|Any CPU.ActiveCfg = Debug|Any CPU
		{3A542431-3F5D-4F90-9151-58B13FE5BBFA}.Debug|Any CPU.Build.0 = Debug|Any CPU
		{3A542431-3F5D-4F90-9151-58B13FE5BBFA}.Debug|ARM.ActiveCfg = Debug|Any CPU
		{3A542431-3F5D-4F90-9151-58B13FE5BBFA}.Debug|ARM.Build.0 = Debug|Any CPU
		{3A542431-3F5D-4F90-9151-58B13FE5BBFA}.Debug|ARM64.ActiveCfg = Debug|Any CPU
		{3A542431-3F5D-4F90-9151-58B13FE5BBFA}.Debug|ARM64.Build.0 = Debug|Any CPU
		{3A542431-3F5D-4F90-9151-58B13FE5BBFA}.Debug|x64.ActiveCfg = Debug|Any CPU
		{3A542431-3F5D-4F90-9151-58B13FE5BBFA}.Debug|x64.Build.0 = Debug|Any CPU
		{3A542431-3F5D-4F90-9151-58B13FE5BBFA}.Debug|x86.ActiveCfg = Debug|Any CPU
		{3A542431-3F5D-4F90-9151-58B13FE5BBFA}.Debug|x86.Build.0 = Debug|Any CPU
		{3A542431-3F5D-4F90-9151-58B13FE5BBFA}.Release|Any CPU.ActiveCfg = Release|Any CPU
		{3A542431-3F5D-4F90-9151-58B13FE5BBFA}.Release|Any CPU.Build.0 = Release|Any CPU
		{3A542431-3F5D-4F90-9151-58B13FE5BBFA}.Release|ARM.ActiveCfg = Release|Any CPU
		{3A542431-3F5D-4F90-9151-58B13FE5BBFA}.Release|ARM.Build.0 = Release|Any CPU
		{3A542431-3F5D-4F90-9151-58B13FE5BBFA}.Release|ARM64.ActiveCfg = Release|Any CPU
		{3A542431-3F5D-4F90-9151-58B13FE5BBFA}.Release|ARM64.Build.0 = Release|Any CPU
		{3A542431-3F5D-4F90-9151-58B13FE5BBFA}.Release|x64.ActiveCfg = Release|Any CPU
		{3A542431-3F5D-4F90-9151-58B13FE5BBFA}.Release|x64.Build.0 = Release|Any CPU
		{3A542431-3F5D-4F90-9151-58B13FE5BBFA}.Release|x86.ActiveCfg = Release|Any CPU
		{3A542431-3F5D-4F90-9151-58B13FE5BBFA}.Release|x86.Build.0 = Release|Any CPU
	EndGlobalSection
	GlobalSection(SolutionProperties) = preSolution
		HideSolutionNode = FALSE
	EndGlobalSection
	GlobalSection(ExtensibilityGlobals) = postSolution
		SolutionGuid = {8C5D350F-86AA-45F5-B6EE-7F9B857C3C4D}
	EndGlobalSection
EndGlobal
